
Microsoft Visual Studio Solution File, Format Version 12.00
# Visual Studio Version 16
VisualStudioVersion = 16.0.30503.244
MinimumVisualStudioVersion = 10.0.40219.1
Project("{FAE04EC0-301F-11D3-BF4B-00C04F79EFBC}") = "WpfAppGIT", "WpfAppGIT.csproj", "{0835DA8E-DCE4-45A7-B761-514998714F40}"
EndProject
Global
	GlobalSection(SolutionConfigurationPlatforms) = preSolution
		Debug|Any CPU = Debug|Any CPU
		Release|Any CPU = Release|Any CPU
	EndGlobalSection
	GlobalSection(ProjectConfigurationPlatforms) = postSolution
		{0835DA8E-DCE4-45A7-B761-514998714F40}.Debug|Any CPU.ActiveCfg = Debug|Any CPU
		{0835DA8E-DCE4-45A7-B761-514998714F40}.Debug|Any CPU.Build.0 = Debug|Any CPU
		{0835DA8E-DCE4-45A7-B761-514998714F40}.Release|Any CPU.ActiveCfg = Release|Any CPU
		{0835DA8E-DCE4-45A7-B761-514998714F40}.Release|Any CPU.Build.0 = Release|Any CPU
	EndGlobalSection
	GlobalSection(SolutionProperties) = preSolution
		HideSolutionNode = FALSE
	EndGlobalSection
	GlobalSection(ExtensibilityGlobals) = postSolution
		SolutionGuid = {378B6211-A911-47CB-89CC-65C3DCD9A178}
	EndGlobalSection
EndGlobal
